// !$*UTF8*$!
{
	archiveVersion = 1;
	classes = {
	};
	objectVersion = 70;
	objects = {

/* Begin PBXBuildFile section */
		26E9015C2DB813D4004224B8 /* Localizable.strings in Resources */ = {isa = PBXBuildFile; fileRef = 26E901382DB813D4004224B8 /* Localizable.strings */; };
		26E9015D2DB813D4004224B8 /* Localizable.stringsdict in Resources */ = {isa = PBXBuildFile; fileRef = 26E9013B2DB813D4004224B8 /* Localizable.stringsdict */; };
		26E9015E2DB813D4004224B8 /* Assets.xcassets in Resources */ = {isa = PBXBuildFile; fileRef = 26E901542DB813D4004224B8 /* Assets.xcassets */; };
		26E901602DB813D4004224B8 /* ColorCell.swift in Sources */ = {isa = PBXBuildFile; fileRef = 26E901232DB813D4004224B8 /* ColorCell.swift */; };
		26E901612DB813D4004224B8 /* EmojiCell.swift in Sources */ = {isa = PBXBuildFile; fileRef = 26E901242DB813D4004224B8 /* EmojiCell.swift */; };
		26E901622DB813D4004224B8 /* CategoriesViewController.swift in Sources */ = {isa = PBXBuildFile; fileRef = 26E901262DB813D4004224B8 /* CategoriesViewController.swift */; };
		26E901632DB813D4004224B8 /* CategoriesViewModel.swift in Sources */ = {isa = PBXBuildFile; fileRef = 26E901272DB813D4004224B8 /* CategoriesViewModel.swift */; };
		26E901642DB813D4004224B8 /* CategoryCell.swift in Sources */ = {isa = PBXBuildFile; fileRef = 26E901282DB813D4004224B8 /* CategoryCell.swift */; };
		26E901652DB813D4004224B8 /* EditCategory.swift in Sources */ = {isa = PBXBuildFile; fileRef = 26E901292DB813D4004224B8 /* EditCategory.swift */; };
		26E901662DB813D4004224B8 /* ScheduleCell.swift in Sources */ = {isa = PBXBuildFile; fileRef = 26E9012B2DB813D4004224B8 /* ScheduleCell.swift */; };
		26E901672DB813D4004224B8 /* ScheduleViewController.swift in Sources */ = {isa = PBXBuildFile; fileRef = 26E9012C2DB813D4004224B8 /* ScheduleViewController.swift */; };
		26E901682DB813D4004224B8 /* HabitCreationViewController.swift in Sources */ = {isa = PBXBuildFile; fileRef = 26E9012E2DB813D4004224B8 /* HabitCreationViewController.swift */; };
		26E901692DB813D4004224B8 /* TrackerOptionCell.swift in Sources */ = {isa = PBXBuildFile; fileRef = 26E9012F2DB813D4004224B8 /* TrackerOptionCell.swift */; };
		26E9016A2DB813D4004224B8 /* TrackerTypeViewController.swift in Sources */ = {isa = PBXBuildFile; fileRef = 26E901302DB813D4004224B8 /* TrackerTypeViewController.swift */; };
		26E9016B2DB813D4004224B8 /* ContentViewController.swift in Sources */ = {isa = PBXBuildFile; fileRef = 26E901322DB813D4004224B8 /* ContentViewController.swift */; };
		26E9016C2DB813D4004224B8 /* PageViewController.swift in Sources */ = {isa = PBXBuildFile; fileRef = 26E901332DB813D4004224B8 /* PageViewController.swift */; };
		26E9016D2DB813D4004224B8 /* App + localized.swift in Sources */ = {isa = PBXBuildFile; fileRef = 26E901352DB813D4004224B8 /* App + localized.swift */; };
		26E9016E2DB813D4004224B8 /* LocalizableView.swift in Sources */ = {isa = PBXBuildFile; fileRef = 26E9013C2DB813D4004224B8 /* LocalizableView.swift */; };
		26E901702DB813D4004224B8 /* StatisticsViewController.swift in Sources */ = {isa = PBXBuildFile; fileRef = 26E9013F2DB813D4004224B8 /* StatisticsViewController.swift */; };
		26E901712DB813D4004224B8 /* CategoryValueTransformer.swift in Sources */ = {isa = PBXBuildFile; fileRef = 26E901412DB813D4004224B8 /* CategoryValueTransformer.swift */; };
		26E901722DB813D4004224B8 /* DaysValueTransformer.swift in Sources */ = {isa = PBXBuildFile; fileRef = 26E901422DB813D4004224B8 /* DaysValueTransformer.swift */; };
		26E901732DB813D4004224B8 /* Tracker.swift in Sources */ = {isa = PBXBuildFile; fileRef = 26E901442DB813D4004224B8 /* Tracker.swift */; };
		26E901742DB813D4004224B8 /* TrackerCategory.swift in Sources */ = {isa = PBXBuildFile; fileRef = 26E901452DB813D4004224B8 /* TrackerCategory.swift */; };
		26E901752DB813D4004224B8 /* TrackerRecord.swift in Sources */ = {isa = PBXBuildFile; fileRef = 26E901462DB813D4004224B8 /* TrackerRecord.swift */; };
		26E901762DB813D4004224B8 /* TrackerType.swift in Sources */ = {isa = PBXBuildFile; fileRef = 26E901472DB813D4004224B8 /* TrackerType.swift */; };
		26E901772DB813D4004224B8 /* Weekdays.swift in Sources */ = {isa = PBXBuildFile; fileRef = 26E901482DB813D4004224B8 /* Weekdays.swift */; };
		26E901782DB813D4004224B8 /* CategoryStore.swift in Sources */ = {isa = PBXBuildFile; fileRef = 26E9014A2DB813D4004224B8 /* CategoryStore.swift */; };
		26E901792DB813D4004224B8 /* TrackerRecordStore.swift in Sources */ = {isa = PBXBuildFile; fileRef = 26E9014B2DB813D4004224B8 /* TrackerRecordStore.swift */; };
		26E9017A2DB813D4004224B8 /* TrackerStore.swift in Sources */ = {isa = PBXBuildFile; fileRef = 26E9014C2DB813D4004224B8 /* TrackerStore.swift */; };
		26E9017B2DB813D4004224B8 /* TrackerCell.swift in Sources */ = {isa = PBXBuildFile; fileRef = 26E9014E2DB813D4004224B8 /* TrackerCell.swift */; };
		26E9017C2DB813D4004224B8 /* TrackerPresenter.swift in Sources */ = {isa = PBXBuildFile; fileRef = 26E9014F2DB813D4004224B8 /* TrackerPresenter.swift */; };
		26E9017D2DB813D4004224B8 /* TrackersViewController.swift in Sources */ = {isa = PBXBuildFile; fileRef = 26E901502DB813D4004224B8 /* TrackersViewController.swift */; };
		26E9017E2DB813D4004224B8 /* AnalyticsEvent.swift in Sources */ = {isa = PBXBuildFile; fileRef = 26E901522DB813D4004224B8 /* AnalyticsEvent.swift */; };
		26E9017F2DB813D4004224B8 /* AppDelegate.swift in Sources */ = {isa = PBXBuildFile; fileRef = 26E901532DB813D4004224B8 /* AppDelegate.swift */; };
		26E901802DB813D4004224B8 /* LaunchScreen.swift in Sources */ = {isa = PBXBuildFile; fileRef = 26E901562DB813D4004224B8 /* LaunchScreen.swift */; };
		26E901812DB813D4004224B8 /* Library.xcdatamodeld in Sources */ = {isa = PBXBuildFile; fileRef = 26E901572DB813D4004224B8 /* Library.xcdatamodeld */; };
		26E901822DB813D4004224B8 /* SceneDelegate.swift in Sources */ = {isa = PBXBuildFile; fileRef = 26E901582DB813D4004224B8 /* SceneDelegate.swift */; };
		26E901832DB813D4004224B8 /* TabBarController.swift in Sources */ = {isa = PBXBuildFile; fileRef = 26E901592DB813D4004224B8 /* TabBarController.swift */; };
		26E901852DB8F8D0004224B8 /* StatisticsCell.swift in Sources */ = {isa = PBXBuildFile; fileRef = 26E901842DB8F8C0004224B8 /* StatisticsCell.swift */; };
		26E9018B2DB93410004224B8 /* StatisticsPresenter.swift in Sources */ = {isa = PBXBuildFile; fileRef = 26E9018A2DB93407004224B8 /* StatisticsPresenter.swift */; };
		26E9018E2DB937D1004224B8 /* FiltersViewController.swift in Sources */ = {isa = PBXBuildFile; fileRef = 26E9018D2DB937C5004224B8 /* FiltersViewController.swift */; };
		26E901902DB93824004224B8 /* FiltersCell.swift in Sources */ = {isa = PBXBuildFile; fileRef = 26E9018F2DB9381C004224B8 /* FiltersCell.swift */; };
		26E901922DB93EC1004224B8 /* FilterType.swift in Sources */ = {isa = PBXBuildFile; fileRef = 26E901912DB93EB4004224B8 /* FilterType.swift */; };
		26E901942DB94008004224B8 /* FiltersViewModel.swift in Sources */ = {isa = PBXBuildFile; fileRef = 26E901932DB94003004224B8 /* FiltersViewModel.swift */; };
		26E901B92DB95B72004224B8 /* SnapshotTesting in Frameworks */ = {isa = PBXBuildFile; productRef = 26E901B82DB95B72004224B8 /* SnapshotTesting */; };
		3E7CBB47C45FC4741D7F420C /* Pods_Tracker.framework in Frameworks */ = {isa = PBXBuildFile; fileRef = C2C693B8F31C28FDF6F48E73 /* Pods_Tracker.framework */; };
/* End PBXBuildFile section */

/* Begin PBXContainerItemProxy section */
		26E901AD2DB959EB004224B8 /* PBXContainerItemProxy */ = {
			isa = PBXContainerItemProxy;
			containerPortal = 26A398A32D5100480049556F /* Project object */;
			proxyType = 1;
			remoteGlobalIDString = 26A398AA2D5100480049556F;
			remoteInfo = Tracker;
		};
/* End PBXContainerItemProxy section */

/* Begin PBXFileReference section */
		26A398AB2D5100480049556F /* Tracker.app */ = {isa = PBXFileReference; explicitFileType = wrapper.application; includeInIndex = 0; path = Tracker.app; sourceTree = BUILT_PRODUCTS_DIR; };
		26E901232DB813D4004224B8 /* ColorCell.swift */ = {isa = PBXFileReference; lastKnownFileType = sourcecode.swift; path = ColorCell.swift; sourceTree = "<group>"; };
		26E901242DB813D4004224B8 /* EmojiCell.swift */ = {isa = PBXFileReference; lastKnownFileType = sourcecode.swift; path = EmojiCell.swift; sourceTree = "<group>"; };
		26E901262DB813D4004224B8 /* CategoriesViewController.swift */ = {isa = PBXFileReference; lastKnownFileType = sourcecode.swift; path = CategoriesViewController.swift; sourceTree = "<group>"; };
		26E901272DB813D4004224B8 /* CategoriesViewModel.swift */ = {isa = PBXFileReference; lastKnownFileType = sourcecode.swift; path = CategoriesViewModel.swift; sourceTree = "<group>"; };
		26E901282DB813D4004224B8 /* CategoryCell.swift */ = {isa = PBXFileReference; lastKnownFileType = sourcecode.swift; path = CategoryCell.swift; sourceTree = "<group>"; };
		26E901292DB813D4004224B8 /* EditCategory.swift */ = {isa = PBXFileReference; lastKnownFileType = sourcecode.swift; path = EditCategory.swift; sourceTree = "<group>"; };
		26E9012B2DB813D4004224B8 /* ScheduleCell.swift */ = {isa = PBXFileReference; lastKnownFileType = sourcecode.swift; path = ScheduleCell.swift; sourceTree = "<group>"; };
		26E9012C2DB813D4004224B8 /* ScheduleViewController.swift */ = {isa = PBXFileReference; lastKnownFileType = sourcecode.swift; path = ScheduleViewController.swift; sourceTree = "<group>"; };
		26E9012E2DB813D4004224B8 /* HabitCreationViewController.swift */ = {isa = PBXFileReference; lastKnownFileType = sourcecode.swift; path = HabitCreationViewController.swift; sourceTree = "<group>"; };
		26E9012F2DB813D4004224B8 /* TrackerOptionCell.swift */ = {isa = PBXFileReference; lastKnownFileType = sourcecode.swift; path = TrackerOptionCell.swift; sourceTree = "<group>"; };
		26E901302DB813D4004224B8 /* TrackerTypeViewController.swift */ = {isa = PBXFileReference; lastKnownFileType = sourcecode.swift; path = TrackerTypeViewController.swift; sourceTree = "<group>"; };
		26E901322DB813D4004224B8 /* ContentViewController.swift */ = {isa = PBXFileReference; lastKnownFileType = sourcecode.swift; path = ContentViewController.swift; sourceTree = "<group>"; };
		26E901332DB813D4004224B8 /* PageViewController.swift */ = {isa = PBXFileReference; lastKnownFileType = sourcecode.swift; path = PageViewController.swift; sourceTree = "<group>"; };
		26E901352DB813D4004224B8 /* App + localized.swift */ = {isa = PBXFileReference; lastKnownFileType = sourcecode.swift; path = "App + localized.swift"; sourceTree = "<group>"; };
		26E901362DB813D4004224B8 /* en */ = {isa = PBXFileReference; lastKnownFileType = text.plist.strings; name = en; path = en.lproj/Localizable.strings; sourceTree = "<group>"; };
		26E901372DB813D4004224B8 /* ru */ = {isa = PBXFileReference; lastKnownFileType = text.plist.strings; name = ru; path = ru.lproj/Localizable.strings; sourceTree = "<group>"; };
		26E901392DB813D4004224B8 /* en */ = {isa = PBXFileReference; lastKnownFileType = text.plist.stringsdict; name = en; path = en.lproj/Localizable.stringsdict; sourceTree = "<group>"; };
		26E9013A2DB813D4004224B8 /* ru */ = {isa = PBXFileReference; lastKnownFileType = text.plist.stringsdict; name = ru; path = ru.lproj/Localizable.stringsdict; sourceTree = "<group>"; };
		26E9013C2DB813D4004224B8 /* LocalizableView.swift */ = {isa = PBXFileReference; lastKnownFileType = sourcecode.swift; path = LocalizableView.swift; sourceTree = "<group>"; };
		26E9013F2DB813D4004224B8 /* StatisticsViewController.swift */ = {isa = PBXFileReference; lastKnownFileType = sourcecode.swift; path = StatisticsViewController.swift; sourceTree = "<group>"; };
		26E901412DB813D4004224B8 /* CategoryValueTransformer.swift */ = {isa = PBXFileReference; lastKnownFileType = sourcecode.swift; path = CategoryValueTransformer.swift; sourceTree = "<group>"; };
		26E901422DB813D4004224B8 /* DaysValueTransformer.swift */ = {isa = PBXFileReference; lastKnownFileType = sourcecode.swift; path = DaysValueTransformer.swift; sourceTree = "<group>"; };
		26E901442DB813D4004224B8 /* Tracker.swift */ = {isa = PBXFileReference; lastKnownFileType = sourcecode.swift; path = Tracker.swift; sourceTree = "<group>"; };
		26E901452DB813D4004224B8 /* TrackerCategory.swift */ = {isa = PBXFileReference; lastKnownFileType = sourcecode.swift; path = TrackerCategory.swift; sourceTree = "<group>"; };
		26E901462DB813D4004224B8 /* TrackerRecord.swift */ = {isa = PBXFileReference; lastKnownFileType = sourcecode.swift; path = TrackerRecord.swift; sourceTree = "<group>"; };
		26E901472DB813D4004224B8 /* TrackerType.swift */ = {isa = PBXFileReference; lastKnownFileType = sourcecode.swift; path = TrackerType.swift; sourceTree = "<group>"; };
		26E901482DB813D4004224B8 /* Weekdays.swift */ = {isa = PBXFileReference; lastKnownFileType = sourcecode.swift; path = Weekdays.swift; sourceTree = "<group>"; };
		26E9014A2DB813D4004224B8 /* CategoryStore.swift */ = {isa = PBXFileReference; lastKnownFileType = sourcecode.swift; path = CategoryStore.swift; sourceTree = "<group>"; };
		26E9014B2DB813D4004224B8 /* TrackerRecordStore.swift */ = {isa = PBXFileReference; lastKnownFileType = sourcecode.swift; path = TrackerRecordStore.swift; sourceTree = "<group>"; };
		26E9014C2DB813D4004224B8 /* TrackerStore.swift */ = {isa = PBXFileReference; lastKnownFileType = sourcecode.swift; path = TrackerStore.swift; sourceTree = "<group>"; };
		26E9014E2DB813D4004224B8 /* TrackerCell.swift */ = {isa = PBXFileReference; lastKnownFileType = sourcecode.swift; path = TrackerCell.swift; sourceTree = "<group>"; };
		26E9014F2DB813D4004224B8 /* TrackerPresenter.swift */ = {isa = PBXFileReference; lastKnownFileType = sourcecode.swift; path = TrackerPresenter.swift; sourceTree = "<group>"; };
		26E901502DB813D4004224B8 /* TrackersViewController.swift */ = {isa = PBXFileReference; lastKnownFileType = sourcecode.swift; path = TrackersViewController.swift; sourceTree = "<group>"; };
		26E901522DB813D4004224B8 /* AnalyticsEvent.swift */ = {isa = PBXFileReference; lastKnownFileType = sourcecode.swift; path = AnalyticsEvent.swift; sourceTree = "<group>"; };
		26E901532DB813D4004224B8 /* AppDelegate.swift */ = {isa = PBXFileReference; lastKnownFileType = sourcecode.swift; path = AppDelegate.swift; sourceTree = "<group>"; };
		26E901542DB813D4004224B8 /* Assets.xcassets */ = {isa = PBXFileReference; lastKnownFileType = folder.assetcatalog; path = Assets.xcassets; sourceTree = "<group>"; };
		26E901552DB813D4004224B8 /* Info.plist */ = {isa = PBXFileReference; lastKnownFileType = text.plist.xml; path = Info.plist; sourceTree = "<group>"; };
		26E901562DB813D4004224B8 /* LaunchScreen.swift */ = {isa = PBXFileReference; lastKnownFileType = sourcecode.swift; path = LaunchScreen.swift; sourceTree = "<group>"; };
		26E901582DB813D4004224B8 /* SceneDelegate.swift */ = {isa = PBXFileReference; lastKnownFileType = sourcecode.swift; path = SceneDelegate.swift; sourceTree = "<group>"; };
		26E901592DB813D4004224B8 /* TabBarController.swift */ = {isa = PBXFileReference; lastKnownFileType = sourcecode.swift; path = TabBarController.swift; sourceTree = "<group>"; };
		26E9015B2DB813D4004224B8 /* Library.xcdatamodel */ = {isa = PBXFileReference; lastKnownFileType = wrapper.xcdatamodel; path = Library.xcdatamodel; sourceTree = "<group>"; };
		26E901842DB8F8C0004224B8 /* StatisticsCell.swift */ = {isa = PBXFileReference; lastKnownFileType = sourcecode.swift; path = StatisticsCell.swift; sourceTree = "<group>"; };
		26E9018A2DB93407004224B8 /* StatisticsPresenter.swift */ = {isa = PBXFileReference; lastKnownFileType = sourcecode.swift; path = StatisticsPresenter.swift; sourceTree = "<group>"; };
		26E9018D2DB937C5004224B8 /* FiltersViewController.swift */ = {isa = PBXFileReference; lastKnownFileType = sourcecode.swift; path = FiltersViewController.swift; sourceTree = "<group>"; };
		26E9018F2DB9381C004224B8 /* FiltersCell.swift */ = {isa = PBXFileReference; lastKnownFileType = sourcecode.swift; path = FiltersCell.swift; sourceTree = "<group>"; };
		26E901912DB93EB4004224B8 /* FilterType.swift */ = {isa = PBXFileReference; lastKnownFileType = sourcecode.swift; path = FilterType.swift; sourceTree = "<group>"; };
		26E901932DB94003004224B8 /* FiltersViewModel.swift */ = {isa = PBXFileReference; lastKnownFileType = sourcecode.swift; path = FiltersViewModel.swift; sourceTree = "<group>"; };
		26E901A92DB959EB004224B8 /* TrackerTests.xctest */ = {isa = PBXFileReference; explicitFileType = wrapper.cfbundle; includeInIndex = 0; path = TrackerTests.xctest; sourceTree = BUILT_PRODUCTS_DIR; };
		54B8492BC24BCE61D513DF39 /* Pods-Tracker.debug.xcconfig */ = {isa = PBXFileReference; includeInIndex = 1; lastKnownFileType = text.xcconfig; name = "Pods-Tracker.debug.xcconfig"; path = "Target Support Files/Pods-Tracker/Pods-Tracker.debug.xcconfig"; sourceTree = "<group>"; };
		C2C693B8F31C28FDF6F48E73 /* Pods_Tracker.framework */ = {isa = PBXFileReference; explicitFileType = wrapper.framework; includeInIndex = 0; path = Pods_Tracker.framework; sourceTree = BUILT_PRODUCTS_DIR; };
		EEA40BDE15543C594EF85E0C /* Pods-Tracker.release.xcconfig */ = {isa = PBXFileReference; includeInIndex = 1; lastKnownFileType = text.xcconfig; name = "Pods-Tracker.release.xcconfig"; path = "Target Support Files/Pods-Tracker/Pods-Tracker.release.xcconfig"; sourceTree = "<group>"; };
/* End PBXFileReference section */

/* Begin PBXFileSystemSynchronizedRootGroup section */
		26E901AA2DB959EB004224B8 /* TrackerTests */ = {isa = PBXFileSystemSynchronizedRootGroup; explicitFileTypes = {}; explicitFolders = (); path = TrackerTests; sourceTree = "<group>"; };
/* End PBXFileSystemSynchronizedRootGroup section */

/* Begin PBXFrameworksBuildPhase section */
		26A398A82D5100480049556F /* Frameworks */ = {
			isa = PBXFrameworksBuildPhase;
			buildActionMask = 2147483647;
			files = (
				3E7CBB47C45FC4741D7F420C /* Pods_Tracker.framework in Frameworks */,
			);
			runOnlyForDeploymentPostprocessing = 0;
		};
		26E901A62DB959EB004224B8 /* Frameworks */ = {
			isa = PBXFrameworksBuildPhase;
			buildActionMask = 2147483647;
			files = (
				26E901B92DB95B72004224B8 /* SnapshotTesting in Frameworks */,
			);
			runOnlyForDeploymentPostprocessing = 0;
		};
/* End PBXFrameworksBuildPhase section */

/* Begin PBXGroup section */
		26A398A22D5100480049556F = {
			isa = PBXGroup;
			children = (
				26E9015A2DB813D4004224B8 /* Tracker */,
				26E901AA2DB959EB004224B8 /* TrackerTests */,
				26A398AC2D5100480049556F /* Products */,
				8117BDA819BB02D7A574356D /* Pods */,
				B10AE03315B89FB51B2229E2 /* Frameworks */,
			);
			sourceTree = "<group>";
		};
		26A398AC2D5100480049556F /* Products */ = {
			isa = PBXGroup;
			children = (
				26A398AB2D5100480049556F /* Tracker.app */,
				26E901A92DB959EB004224B8 /* TrackerTests.xctest */,
			);
			name = Products;
			sourceTree = "<group>";
		};
		26E901252DB813D4004224B8 /* CollectionViewCells */ = {
			isa = PBXGroup;
			children = (
				26E901232DB813D4004224B8 /* ColorCell.swift */,
				26E901242DB813D4004224B8 /* EmojiCell.swift */,
			);
			path = CollectionViewCells;
			sourceTree = "<group>";
		};
		26E9012A2DB813D4004224B8 /* Category */ = {
			isa = PBXGroup;
			children = (
				26E901262DB813D4004224B8 /* CategoriesViewController.swift */,
				26E901272DB813D4004224B8 /* CategoriesViewModel.swift */,
				26E901282DB813D4004224B8 /* CategoryCell.swift */,
				26E901292DB813D4004224B8 /* EditCategory.swift */,
			);
			path = Category;
			sourceTree = "<group>";
		};
		26E9012D2DB813D4004224B8 /* Schedule */ = {
			isa = PBXGroup;
			children = (
				26E9012B2DB813D4004224B8 /* ScheduleCell.swift */,
				26E9012C2DB813D4004224B8 /* ScheduleViewController.swift */,
			);
			path = Schedule;
			sourceTree = "<group>";
		};
		26E901312DB813D4004224B8 /* HabitCreation */ = {
			isa = PBXGroup;
			children = (
				26E9012A2DB813D4004224B8 /* Category */,
				26E9012D2DB813D4004224B8 /* Schedule */,
				26E9012E2DB813D4004224B8 /* HabitCreationViewController.swift */,
				26E9012F2DB813D4004224B8 /* TrackerOptionCell.swift */,
				26E901302DB813D4004224B8 /* TrackerTypeViewController.swift */,
			);
			path = HabitCreation;
			sourceTree = "<group>";
		};
		26E901342DB813D4004224B8 /* Onboarding */ = {
			isa = PBXGroup;
			children = (
				26E901322DB813D4004224B8 /* ContentViewController.swift */,
				26E901332DB813D4004224B8 /* PageViewController.swift */,
			);
			path = Onboarding;
			sourceTree = "<group>";
		};
		26E9013D2DB813D4004224B8 /* Resources */ = {
			isa = PBXGroup;
			children = (
				26E901352DB813D4004224B8 /* App + localized.swift */,
				26E901382DB813D4004224B8 /* Localizable.strings */,
				26E9013B2DB813D4004224B8 /* Localizable.stringsdict */,
				26E9013C2DB813D4004224B8 /* LocalizableView.swift */,
			);
			path = Resources;
			sourceTree = "<group>";
		};
		26E901402DB813D4004224B8 /* Statistics */ = {
			isa = PBXGroup;
			children = (
				26E9018A2DB93407004224B8 /* StatisticsPresenter.swift */,
				26E901842DB8F8C0004224B8 /* StatisticsCell.swift */,
				26E9013F2DB813D4004224B8 /* StatisticsViewController.swift */,
			);
			path = Statistics;
			sourceTree = "<group>";
		};
		26E901432DB813D4004224B8 /* CoreDataTransformers */ = {
			isa = PBXGroup;
			children = (
				26E901412DB813D4004224B8 /* CategoryValueTransformer.swift */,
				26E901422DB813D4004224B8 /* DaysValueTransformer.swift */,
			);
			path = CoreDataTransformers;
			sourceTree = "<group>";
		};
		26E901492DB813D4004224B8 /* TrackerModels */ = {
			isa = PBXGroup;
			children = (
				26E901442DB813D4004224B8 /* Tracker.swift */,
				26E901452DB813D4004224B8 /* TrackerCategory.swift */,
				26E901462DB813D4004224B8 /* TrackerRecord.swift */,
				26E901472DB813D4004224B8 /* TrackerType.swift */,
				26E901482DB813D4004224B8 /* Weekdays.swift */,
			);
			path = TrackerModels;
			sourceTree = "<group>";
		};
		26E9014D2DB813D4004224B8 /* TrackerStores */ = {
			isa = PBXGroup;
			children = (
				26E9014A2DB813D4004224B8 /* CategoryStore.swift */,
				26E9014B2DB813D4004224B8 /* TrackerRecordStore.swift */,
				26E9014C2DB813D4004224B8 /* TrackerStore.swift */,
			);
			path = TrackerStores;
			sourceTree = "<group>";
		};
		26E901512DB813D4004224B8 /* Tracker */ = {
			isa = PBXGroup;
			children = (
				26E901432DB813D4004224B8 /* CoreDataTransformers */,
				26E901492DB813D4004224B8 /* TrackerModels */,
				26E9014D2DB813D4004224B8 /* TrackerStores */,
				26E9014E2DB813D4004224B8 /* TrackerCell.swift */,
				26E9014F2DB813D4004224B8 /* TrackerPresenter.swift */,
				26E901502DB813D4004224B8 /* TrackersViewController.swift */,
			);
			path = Tracker;
			sourceTree = "<group>";
		};
		26E9015A2DB813D4004224B8 /* Tracker */ = {
			isa = PBXGroup;
			children = (
				26E9018C2DB937BD004224B8 /* Filters */,
				26E901252DB813D4004224B8 /* CollectionViewCells */,
				26E901312DB813D4004224B8 /* HabitCreation */,
				26E901342DB813D4004224B8 /* Onboarding */,
				26E9013D2DB813D4004224B8 /* Resources */,
				26E901402DB813D4004224B8 /* Statistics */,
				26E901512DB813D4004224B8 /* Tracker */,
				26E901522DB813D4004224B8 /* AnalyticsEvent.swift */,
				26E901532DB813D4004224B8 /* AppDelegate.swift */,
				26E901542DB813D4004224B8 /* Assets.xcassets */,
				26E901552DB813D4004224B8 /* Info.plist */,
				26E901562DB813D4004224B8 /* LaunchScreen.swift */,
				26E901572DB813D4004224B8 /* Library.xcdatamodeld */,
				26E901582DB813D4004224B8 /* SceneDelegate.swift */,
				26E901592DB813D4004224B8 /* TabBarController.swift */,
			);
			path = Tracker;
			sourceTree = "<group>";
		};
		26E9018C2DB937BD004224B8 /* Filters */ = {
			isa = PBXGroup;
			children = (
				26E901932DB94003004224B8 /* FiltersViewModel.swift */,
				26E901912DB93EB4004224B8 /* FilterType.swift */,
				26E9018F2DB9381C004224B8 /* FiltersCell.swift */,
				26E9018D2DB937C5004224B8 /* FiltersViewController.swift */,
			);
			path = Filters;
			sourceTree = "<group>";
		};
		8117BDA819BB02D7A574356D /* Pods */ = {
			isa = PBXGroup;
			children = (
				54B8492BC24BCE61D513DF39 /* Pods-Tracker.debug.xcconfig */,
				EEA40BDE15543C594EF85E0C /* Pods-Tracker.release.xcconfig */,
			);
			path = Pods;
			sourceTree = "<group>";
		};
		B10AE03315B89FB51B2229E2 /* Frameworks */ = {
			isa = PBXGroup;
			children = (
				C2C693B8F31C28FDF6F48E73 /* Pods_Tracker.framework */,
			);
			name = Frameworks;
			sourceTree = "<group>";
		};
/* End PBXGroup section */

/* Begin PBXNativeTarget section */
		26A398AA2D5100480049556F /* Tracker */ = {
			isa = PBXNativeTarget;
			buildConfigurationList = 26A398BE2D51004E0049556F /* Build configuration list for PBXNativeTarget "Tracker" */;
			buildPhases = (
				32B71FDC561E0062B7DBBC75 /* [CP] Check Pods Manifest.lock */,
				26A398A72D5100480049556F /* Sources */,
				26A398A82D5100480049556F /* Frameworks */,
				26A398A92D5100480049556F /* Resources */,
				32CEC5532B76F51ADF367367 /* [CP] Embed Pods Frameworks */,
			);
			buildRules = (
			);
			dependencies = (
			);
			name = Tracker;
			productName = Tracker;
			productReference = 26A398AB2D5100480049556F /* Tracker.app */;
			productType = "com.apple.product-type.application";
		};
		26E901A82DB959EB004224B8 /* TrackerTests */ = {
			isa = PBXNativeTarget;
			buildConfigurationList = 26E901AF2DB959EB004224B8 /* Build configuration list for PBXNativeTarget "TrackerTests" */;
			buildPhases = (
				26E901A52DB959EB004224B8 /* Sources */,
				26E901A62DB959EB004224B8 /* Frameworks */,
				26E901A72DB959EB004224B8 /* Resources */,
			);
			buildRules = (
			);
			dependencies = (
				26E901AE2DB959EB004224B8 /* PBXTargetDependency */,
			);
			fileSystemSynchronizedGroups = (
				26E901AA2DB959EB004224B8 /* TrackerTests */,
			);
			name = TrackerTests;
			packageProductDependencies = (
				26E901B82DB95B72004224B8 /* SnapshotTesting */,
			);
			productName = TrackerTests;
			productReference = 26E901A92DB959EB004224B8 /* TrackerTests.xctest */;
			productType = "com.apple.product-type.bundle.unit-test";
		};
/* End PBXNativeTarget section */

/* Begin PBXProject section */
		26A398A32D5100480049556F /* Project object */ = {
			isa = PBXProject;
			attributes = {
				BuildIndependentTargetsInParallel = 1;
				LastSwiftUpdateCheck = 1600;
				LastUpgradeCheck = 1600;
				TargetAttributes = {
					26A398AA2D5100480049556F = {
						CreatedOnToolsVersion = 16.0;
					};
					26E901A82DB959EB004224B8 = {
						CreatedOnToolsVersion = 16.0;
						TestTargetID = 26A398AA2D5100480049556F;
					};
				};
			};
			buildConfigurationList = 26A398A62D5100480049556F /* Build configuration list for PBXProject "Tracker" */;
			compatibilityVersion = "Xcode 14.0";
			developmentRegion = en;
			hasScannedForEncodings = 0;
			knownRegions = (
				en,
				Base,
				ru,
			);
			mainGroup = 26A398A22D5100480049556F;
			packageReferences = (
				26E901B72DB95B72004224B8 /* XCRemoteSwiftPackageReference "swift-snapshot-testing" */,
			);
			productRefGroup = 26A398AC2D5100480049556F /* Products */;
			projectDirPath = "";
			projectRoot = "";
			targets = (
				26A398AA2D5100480049556F /* Tracker */,
				26E901A82DB959EB004224B8 /* TrackerTests */,
			);
		};
/* End PBXProject section */

/* Begin PBXResourcesBuildPhase section */
		26A398A92D5100480049556F /* Resources */ = {
			isa = PBXResourcesBuildPhase;
			buildActionMask = 2147483647;
			files = (
				26E9015C2DB813D4004224B8 /* Localizable.strings in Resources */,
				26E9015D2DB813D4004224B8 /* Localizable.stringsdict in Resources */,
				26E9015E2DB813D4004224B8 /* Assets.xcassets in Resources */,
			);
			runOnlyForDeploymentPostprocessing = 0;
		};
		26E901A72DB959EB004224B8 /* Resources */ = {
			isa = PBXResourcesBuildPhase;
			buildActionMask = 2147483647;
			files = (
			);
			runOnlyForDeploymentPostprocessing = 0;
		};
/* End PBXResourcesBuildPhase section */

/* Begin PBXShellScriptBuildPhase section */
		32B71FDC561E0062B7DBBC75 /* [CP] Check Pods Manifest.lock */ = {
			isa = PBXShellScriptBuildPhase;
			buildActionMask = 2147483647;
			files = (
			);
			inputFileListPaths = (
			);
			inputPaths = (
				"${PODS_PODFILE_DIR_PATH}/Podfile.lock",
				"${PODS_ROOT}/Manifest.lock",
			);
			name = "[CP] Check Pods Manifest.lock";
			outputFileListPaths = (
			);
			outputPaths = (
				"$(DERIVED_FILE_DIR)/Pods-Tracker-checkManifestLockResult.txt",
			);
			runOnlyForDeploymentPostprocessing = 0;
			shellPath = /bin/sh;
			shellScript = "diff \"${PODS_PODFILE_DIR_PATH}/Podfile.lock\" \"${PODS_ROOT}/Manifest.lock\" > /dev/null\nif [ $? != 0 ] ; then\n    # print error to STDERR\n    echo \"error: The sandbox is not in sync with the Podfile.lock. Run 'pod install' or update your CocoaPods installation.\" >&2\n    exit 1\nfi\n# This output is used by Xcode 'outputs' to avoid re-running this script phase.\necho \"SUCCESS\" > \"${SCRIPT_OUTPUT_FILE_0}\"\n";
			showEnvVarsInLog = 0;
		};
		32CEC5532B76F51ADF367367 /* [CP] Embed Pods Frameworks */ = {
			isa = PBXShellScriptBuildPhase;
			buildActionMask = 2147483647;
			files = (
			);
			inputFileListPaths = (
				"${PODS_ROOT}/Target Support Files/Pods-Tracker/Pods-Tracker-frameworks-${CONFIGURATION}-input-files.xcfilelist",
			);
			name = "[CP] Embed Pods Frameworks";
			outputFileListPaths = (
				"${PODS_ROOT}/Target Support Files/Pods-Tracker/Pods-Tracker-frameworks-${CONFIGURATION}-output-files.xcfilelist",
			);
			runOnlyForDeploymentPostprocessing = 0;
			shellPath = /bin/sh;
			shellScript = "\"${PODS_ROOT}/Target Support Files/Pods-Tracker/Pods-Tracker-frameworks.sh\"\n";
			showEnvVarsInLog = 0;
		};
/* End PBXShellScriptBuildPhase section */

/* Begin PBXSourcesBuildPhase section */
		26A398A72D5100480049556F /* Sources */ = {
			isa = PBXSourcesBuildPhase;
			buildActionMask = 2147483647;
			files = (
				26E901602DB813D4004224B8 /* ColorCell.swift in Sources */,
				26E901612DB813D4004224B8 /* EmojiCell.swift in Sources */,
				26E901622DB813D4004224B8 /* CategoriesViewController.swift in Sources */,
				26E901632DB813D4004224B8 /* CategoriesViewModel.swift in Sources */,
				26E901642DB813D4004224B8 /* CategoryCell.swift in Sources */,
				26E901942DB94008004224B8 /* FiltersViewModel.swift in Sources */,
				26E901652DB813D4004224B8 /* EditCategory.swift in Sources */,
				26E901662DB813D4004224B8 /* ScheduleCell.swift in Sources */,
				26E901672DB813D4004224B8 /* ScheduleViewController.swift in Sources */,
				26E901682DB813D4004224B8 /* HabitCreationViewController.swift in Sources */,
				26E901692DB813D4004224B8 /* TrackerOptionCell.swift in Sources */,
				26E9016A2DB813D4004224B8 /* TrackerTypeViewController.swift in Sources */,
				26E9016B2DB813D4004224B8 /* ContentViewController.swift in Sources */,
				26E901902DB93824004224B8 /* FiltersCell.swift in Sources */,
				26E9016C2DB813D4004224B8 /* PageViewController.swift in Sources */,
				26E9016D2DB813D4004224B8 /* App + localized.swift in Sources */,
				26E9016E2DB813D4004224B8 /* LocalizableView.swift in Sources */,
				26E901702DB813D4004224B8 /* StatisticsViewController.swift in Sources */,
				26E901852DB8F8D0004224B8 /* StatisticsCell.swift in Sources */,
				26E901712DB813D4004224B8 /* CategoryValueTransformer.swift in Sources */,
				26E901722DB813D4004224B8 /* DaysValueTransformer.swift in Sources */,
				26E901732DB813D4004224B8 /* Tracker.swift in Sources */,
				26E901742DB813D4004224B8 /* TrackerCategory.swift in Sources */,
				26E901752DB813D4004224B8 /* TrackerRecord.swift in Sources */,
				26E901762DB813D4004224B8 /* TrackerType.swift in Sources */,
				26E9018B2DB93410004224B8 /* StatisticsPresenter.swift in Sources */,
				26E901772DB813D4004224B8 /* Weekdays.swift in Sources */,
				26E901782DB813D4004224B8 /* CategoryStore.swift in Sources */,
				26E9018E2DB937D1004224B8 /* FiltersViewController.swift in Sources */,
				26E901792DB813D4004224B8 /* TrackerRecordStore.swift in Sources */,
				26E9017A2DB813D4004224B8 /* TrackerStore.swift in Sources */,
				26E9017B2DB813D4004224B8 /* TrackerCell.swift in Sources */,
				26E9017C2DB813D4004224B8 /* TrackerPresenter.swift in Sources */,
				26E9017D2DB813D4004224B8 /* TrackersViewController.swift in Sources */,
				26E9017E2DB813D4004224B8 /* AnalyticsEvent.swift in Sources */,
				26E9017F2DB813D4004224B8 /* AppDelegate.swift in Sources */,
				26E901922DB93EC1004224B8 /* FilterType.swift in Sources */,
				26E901802DB813D4004224B8 /* LaunchScreen.swift in Sources */,
				26E901812DB813D4004224B8 /* Library.xcdatamodeld in Sources */,
				26E901822DB813D4004224B8 /* SceneDelegate.swift in Sources */,
				26E901832DB813D4004224B8 /* TabBarController.swift in Sources */,
			);
			runOnlyForDeploymentPostprocessing = 0;
		};
		26E901A52DB959EB004224B8 /* Sources */ = {
			isa = PBXSourcesBuildPhase;
			buildActionMask = 2147483647;
			files = (
			);
			runOnlyForDeploymentPostprocessing = 0;
		};
/* End PBXSourcesBuildPhase section */

/* Begin PBXTargetDependency section */
		26E901AE2DB959EB004224B8 /* PBXTargetDependency */ = {
			isa = PBXTargetDependency;
			target = 26A398AA2D5100480049556F /* Tracker */;
			targetProxy = 26E901AD2DB959EB004224B8 /* PBXContainerItemProxy */;
		};
/* End PBXTargetDependency section */

/* Begin PBXVariantGroup section */
		26E901382DB813D4004224B8 /* Localizable.strings */ = {
			isa = PBXVariantGroup;
			children = (
				26E901362DB813D4004224B8 /* en */,
				26E901372DB813D4004224B8 /* ru */,
			);
			name = Localizable.strings;
			sourceTree = "<group>";
		};
		26E9013B2DB813D4004224B8 /* Localizable.stringsdict */ = {
			isa = PBXVariantGroup;
			children = (
				26E901392DB813D4004224B8 /* en */,
				26E9013A2DB813D4004224B8 /* ru */,
			);
			name = Localizable.stringsdict;
			sourceTree = "<group>";
		};
/* End PBXVariantGroup section */

/* Begin XCBuildConfiguration section */
		26A398BF2D51004E0049556F /* Debug */ = {
			isa = XCBuildConfiguration;
			baseConfigurationReference = 54B8492BC24BCE61D513DF39 /* Pods-Tracker.debug.xcconfig */;
			buildSettings = {
				ASSETCATALOG_COMPILER_APPICON_NAME = AppIcon;
				ASSETCATALOG_COMPILER_GLOBAL_ACCENT_COLOR_NAME = AccentColor;
				CODE_SIGN_STYLE = Automatic;
				CURRENT_PROJECT_VERSION = 1;
				DEVELOPMENT_TEAM = ZHNQ779563;
				GENERATE_INFOPLIST_FILE = YES;
				INFOPLIST_FILE = Tracker/Info.plist;
				INFOPLIST_KEY_UIApplicationSupportsIndirectInputEvents = YES;
				INFOPLIST_KEY_UILaunchStoryboardName = LaunchScreen;
				INFOPLIST_KEY_UISupportedInterfaceOrientations = UIInterfaceOrientationPortrait;
				INFOPLIST_KEY_UISupportedInterfaceOrientations_iPad = "UIInterfaceOrientationLandscapeLeft UIInterfaceOrientationLandscapeRight UIInterfaceOrientationPortrait UIInterfaceOrientationPortraitUpsideDown";
				IPHONEOS_DEPLOYMENT_TARGET = 13.4;
				LD_RUNPATH_SEARCH_PATHS = (
					"$(inherited)",
					"@executable_path/Frameworks",
				);
				MARKETING_VERSION = 1.0;
				PRODUCT_BUNDLE_IDENTIFIER = iana.Tracker;
				PRODUCT_NAME = "$(TARGET_NAME)";
				SWIFT_EMIT_LOC_STRINGS = YES;
				SWIFT_VERSION = 5.0;
				TARGETED_DEVICE_FAMILY = "1,2";
			};
			name = Debug;
		};
		26A398C02D51004E0049556F /* Release */ = {
			isa = XCBuildConfiguration;
			baseConfigurationReference = EEA40BDE15543C594EF85E0C /* Pods-Tracker.release.xcconfig */;
			buildSettings = {
				ASSETCATALOG_COMPILER_APPICON_NAME = AppIcon;
				ASSETCATALOG_COMPILER_GLOBAL_ACCENT_COLOR_NAME = AccentColor;
				CODE_SIGN_STYLE = Automatic;
				CURRENT_PROJECT_VERSION = 1;
				DEVELOPMENT_TEAM = ZHNQ779563;
				GENERATE_INFOPLIST_FILE = YES;
				INFOPLIST_FILE = Tracker/Info.plist;
				INFOPLIST_KEY_UIApplicationSupportsIndirectInputEvents = YES;
				INFOPLIST_KEY_UILaunchStoryboardName = LaunchScreen;
				INFOPLIST_KEY_UISupportedInterfaceOrientations = UIInterfaceOrientationPortrait;
				INFOPLIST_KEY_UISupportedInterfaceOrientations_iPad = "UIInterfaceOrientationLandscapeLeft UIInterfaceOrientationLandscapeRight UIInterfaceOrientationPortrait UIInterfaceOrientationPortraitUpsideDown";
				IPHONEOS_DEPLOYMENT_TARGET = 13.4;
				LD_RUNPATH_SEARCH_PATHS = (
					"$(inherited)",
					"@executable_path/Frameworks",
				);
				MARKETING_VERSION = 1.0;
				PRODUCT_BUNDLE_IDENTIFIER = iana.Tracker;
				PRODUCT_NAME = "$(TARGET_NAME)";
				SWIFT_EMIT_LOC_STRINGS = YES;
				SWIFT_VERSION = 5.0;
				TARGETED_DEVICE_FAMILY = "1,2";
			};
			name = Release;
		};
		26A398C12D51004E0049556F /* Debug */ = {
			isa = XCBuildConfiguration;
			buildSettings = {
				ALWAYS_SEARCH_USER_PATHS = NO;
				ASSETCATALOG_COMPILER_GENERATE_SWIFT_ASSET_SYMBOL_EXTENSIONS = YES;
				CLANG_ANALYZER_LOCALIZABILITY_NONLOCALIZED = YES;
				CLANG_ANALYZER_NONNULL = YES;
				CLANG_ANALYZER_NUMBER_OBJECT_CONVERSION = YES_AGGRESSIVE;
				CLANG_CXX_LANGUAGE_STANDARD = "gnu++20";
				CLANG_ENABLE_MODULES = YES;
				CLANG_ENABLE_OBJC_ARC = YES;
				CLANG_ENABLE_OBJC_WEAK = YES;
				CLANG_WARN_BLOCK_CAPTURE_AUTORELEASING = YES;
				CLANG_WARN_BOOL_CONVERSION = YES;
				CLANG_WARN_COMMA = YES;
				CLANG_WARN_CONSTANT_CONVERSION = YES;
				CLANG_WARN_DEPRECATED_OBJC_IMPLEMENTATIONS = YES;
				CLANG_WARN_DIRECT_OBJC_ISA_USAGE = YES_ERROR;
				CLANG_WARN_DOCUMENTATION_COMMENTS = YES;
				CLANG_WARN_EMPTY_BODY = YES;
				CLANG_WARN_ENUM_CONVERSION = YES;
				CLANG_WARN_INFINITE_RECURSION = YES;
				CLANG_WARN_INT_CONVERSION = YES;
				CLANG_WARN_NON_LITERAL_NULL_CONVERSION = YES;
				CLANG_WARN_OBJC_IMPLICIT_RETAIN_SELF = YES;
				CLANG_WARN_OBJC_LITERAL_CONVERSION = YES;
				CLANG_WARN_OBJC_ROOT_CLASS = YES_ERROR;
				CLANG_WARN_QUOTED_INCLUDE_IN_FRAMEWORK_HEADER = YES;
				CLANG_WARN_RANGE_LOOP_ANALYSIS = YES;
				CLANG_WARN_STRICT_PROTOTYPES = YES;
				CLANG_WARN_SUSPICIOUS_MOVE = YES;
				CLANG_WARN_UNGUARDED_AVAILABILITY = YES_AGGRESSIVE;
				CLANG_WARN_UNREACHABLE_CODE = YES;
				CLANG_WARN__DUPLICATE_METHOD_MATCH = YES;
				COPY_PHASE_STRIP = NO;
				DEBUG_INFORMATION_FORMAT = dwarf;
				ENABLE_STRICT_OBJC_MSGSEND = YES;
				ENABLE_TESTABILITY = YES;
				ENABLE_USER_SCRIPT_SANDBOXING = NO;
				GCC_C_LANGUAGE_STANDARD = gnu17;
				GCC_DYNAMIC_NO_PIC = NO;
				GCC_NO_COMMON_BLOCKS = YES;
				GCC_OPTIMIZATION_LEVEL = 0;
				GCC_PREPROCESSOR_DEFINITIONS = (
					"DEBUG=1",
					"$(inherited)",
				);
				GCC_WARN_64_TO_32_BIT_CONVERSION = YES;
				GCC_WARN_ABOUT_RETURN_TYPE = YES_ERROR;
				GCC_WARN_UNDECLARED_SELECTOR = YES;
				GCC_WARN_UNINITIALIZED_AUTOS = YES_AGGRESSIVE;
				GCC_WARN_UNUSED_FUNCTION = YES;
				GCC_WARN_UNUSED_VARIABLE = YES;
				IPHONEOS_DEPLOYMENT_TARGET = 18.0;
				LOCALIZATION_PREFERS_STRING_CATALOGS = YES;
				MTL_ENABLE_DEBUG_INFO = INCLUDE_SOURCE;
				MTL_FAST_MATH = YES;
				ONLY_ACTIVE_ARCH = YES;
				SDKROOT = iphoneos;
				SWIFT_ACTIVE_COMPILATION_CONDITIONS = "DEBUG $(inherited)";
				SWIFT_OPTIMIZATION_LEVEL = "-Onone";
			};
			name = Debug;
		};
		26A398C22D51004E0049556F /* Release */ = {
			isa = XCBuildConfiguration;
			buildSettings = {
				ALWAYS_SEARCH_USER_PATHS = NO;
				ASSETCATALOG_COMPILER_GENERATE_SWIFT_ASSET_SYMBOL_EXTENSIONS = YES;
				CLANG_ANALYZER_LOCALIZABILITY_NONLOCALIZED = YES;
				CLANG_ANALYZER_NONNULL = YES;
				CLANG_ANALYZER_NUMBER_OBJECT_CONVERSION = YES_AGGRESSIVE;
				CLANG_CXX_LANGUAGE_STANDARD = "gnu++20";
				CLANG_ENABLE_MODULES = YES;
				CLANG_ENABLE_OBJC_ARC = YES;
				CLANG_ENABLE_OBJC_WEAK = YES;
				CLANG_WARN_BLOCK_CAPTURE_AUTORELEASING = YES;
				CLANG_WARN_BOOL_CONVERSION = YES;
				CLANG_WARN_COMMA = YES;
				CLANG_WARN_CONSTANT_CONVERSION = YES;
				CLANG_WARN_DEPRECATED_OBJC_IMPLEMENTATIONS = YES;
				CLANG_WARN_DIRECT_OBJC_ISA_USAGE = YES_ERROR;
				CLANG_WARN_DOCUMENTATION_COMMENTS = YES;
				CLANG_WARN_EMPTY_BODY = YES;
				CLANG_WARN_ENUM_CONVERSION = YES;
				CLANG_WARN_INFINITE_RECURSION = YES;
				CLANG_WARN_INT_CONVERSION = YES;
				CLANG_WARN_NON_LITERAL_NULL_CONVERSION = YES;
				CLANG_WARN_OBJC_IMPLICIT_RETAIN_SELF = YES;
				CLANG_WARN_OBJC_LITERAL_CONVERSION = YES;
				CLANG_WARN_OBJC_ROOT_CLASS = YES_ERROR;
				CLANG_WARN_QUOTED_INCLUDE_IN_FRAMEWORK_HEADER = YES;
				CLANG_WARN_RANGE_LOOP_ANALYSIS = YES;
				CLANG_WARN_STRICT_PROTOTYPES = YES;
				CLANG_WARN_SUSPICIOUS_MOVE = YES;
				CLANG_WARN_UNGUARDED_AVAILABILITY = YES_AGGRESSIVE;
				CLANG_WARN_UNREACHABLE_CODE = YES;
				CLANG_WARN__DUPLICATE_METHOD_MATCH = YES;
				COPY_PHASE_STRIP = NO;
				DEBUG_INFORMATION_FORMAT = "dwarf-with-dsym";
				ENABLE_NS_ASSERTIONS = NO;
				ENABLE_STRICT_OBJC_MSGSEND = YES;
				ENABLE_USER_SCRIPT_SANDBOXING = NO;
				GCC_C_LANGUAGE_STANDARD = gnu17;
				GCC_NO_COMMON_BLOCKS = YES;
				GCC_WARN_64_TO_32_BIT_CONVERSION = YES;
				GCC_WARN_ABOUT_RETURN_TYPE = YES_ERROR;
				GCC_WARN_UNDECLARED_SELECTOR = YES;
				GCC_WARN_UNINITIALIZED_AUTOS = YES_AGGRESSIVE;
				GCC_WARN_UNUSED_FUNCTION = YES;
				GCC_WARN_UNUSED_VARIABLE = YES;
				IPHONEOS_DEPLOYMENT_TARGET = 18.0;
				LOCALIZATION_PREFERS_STRING_CATALOGS = YES;
				MTL_ENABLE_DEBUG_INFO = NO;
				MTL_FAST_MATH = YES;
				SDKROOT = iphoneos;
				SWIFT_COMPILATION_MODE = wholemodule;
				VALIDATE_PRODUCT = YES;
			};
			name = Release;
		};
		26E901B02DB959EB004224B8 /* Debug */ = {
			isa = XCBuildConfiguration;
			buildSettings = {
				BUNDLE_LOADER = "$(TEST_HOST)";
				CODE_SIGN_STYLE = Automatic;
				CURRENT_PROJECT_VERSION = 1;
				DEVELOPMENT_TEAM = ZHNQ779563;
				ENABLE_USER_SCRIPT_SANDBOXING = YES;
				GENERATE_INFOPLIST_FILE = YES;
				IPHONEOS_DEPLOYMENT_TARGET = 17.0;
				MARKETING_VERSION = 1.0;
				PRODUCT_BUNDLE_IDENTIFIER = iana.TrackerTests;
				PRODUCT_NAME = "$(TARGET_NAME)";
				SWIFT_EMIT_LOC_STRINGS = NO;
				SWIFT_VERSION = 5.0;
				TARGETED_DEVICE_FAMILY = "1,2";
				TEST_HOST = "$(BUILT_PRODUCTS_DIR)/Tracker.app/$(BUNDLE_EXECUTABLE_FOLDER_PATH)/Tracker";
			};
			name = Debug;
		};
		26E901B12DB959EB004224B8 /* Release */ = {
			isa = XCBuildConfiguration;
			buildSettings = {
				BUNDLE_LOADER = "$(TEST_HOST)";
				CODE_SIGN_STYLE = Automatic;
				CURRENT_PROJECT_VERSION = 1;
				DEVELOPMENT_TEAM = ZHNQ779563;
				ENABLE_USER_SCRIPT_SANDBOXING = YES;
				GENERATE_INFOPLIST_FILE = YES;
				IPHONEOS_DEPLOYMENT_TARGET = 17.0;
				MARKETING_VERSION = 1.0;
				PRODUCT_BUNDLE_IDENTIFIER = iana.TrackerTests;
				PRODUCT_NAME = "$(TARGET_NAME)";
				SWIFT_EMIT_LOC_STRINGS = NO;
				SWIFT_VERSION = 5.0;
				TARGETED_DEVICE_FAMILY = "1,2";
				TEST_HOST = "$(BUILT_PRODUCTS_DIR)/Tracker.app/$(BUNDLE_EXECUTABLE_FOLDER_PATH)/Tracker";
			};
			name = Release;
		};
/* End XCBuildConfiguration section */

/* Begin XCConfigurationList section */
		26A398A62D5100480049556F /* Build configuration list for PBXProject "Tracker" */ = {
			isa = XCConfigurationList;
			buildConfigurations = (
				26A398C12D51004E0049556F /* Debug */,
				26A398C22D51004E0049556F /* Release */,
			);
			defaultConfigurationIsVisible = 0;
			defaultConfigurationName = Release;
		};
		26A398BE2D51004E0049556F /* Build configuration list for PBXNativeTarget "Tracker" */ = {
			isa = XCConfigurationList;
			buildConfigurations = (
				26A398BF2D51004E0049556F /* Debug */,
				26A398C02D51004E0049556F /* Release */,
			);
			defaultConfigurationIsVisible = 0;
			defaultConfigurationName = Release;
		};
		26E901AF2DB959EB004224B8 /* Build configuration list for PBXNativeTarget "TrackerTests" */ = {
			isa = XCConfigurationList;
			buildConfigurations = (
				26E901B02DB959EB004224B8 /* Debug */,
				26E901B12DB959EB004224B8 /* Release */,
			);
			defaultConfigurationIsVisible = 0;
			defaultConfigurationName = Release;
		};
/* End XCConfigurationList section */

/* Begin XCRemoteSwiftPackageReference section */
		26E901B72DB95B72004224B8 /* XCRemoteSwiftPackageReference "swift-snapshot-testing" */ = {
			isa = XCRemoteSwiftPackageReference;
			repositoryURL = "https://github.com/pointfreeco/swift-snapshot-testing";
			requirement = {
				kind = upToNextMajorVersion;
				minimumVersion = 1.18.3;
			};
		};
/* End XCRemoteSwiftPackageReference section */

/* Begin XCSwiftPackageProductDependency section */
		26E901B82DB95B72004224B8 /* SnapshotTesting */ = {
			isa = XCSwiftPackageProductDependency;
			package = 26E901B72DB95B72004224B8 /* XCRemoteSwiftPackageReference "swift-snapshot-testing" */;
			productName = SnapshotTesting;
		};
/* End XCSwiftPackageProductDependency section */

/* Begin XCVersionGroup section */
		26E901572DB813D4004224B8 /* Library.xcdatamodeld */ = {
			isa = XCVersionGroup;
			children = (
				26E9015B2DB813D4004224B8 /* Library.xcdatamodel */,
			);
			currentVersion = 26E9015B2DB813D4004224B8 /* Library.xcdatamodel */;
			path = Library.xcdatamodeld;
			sourceTree = "<group>";
			versionGroupType = wrapper.xcdatamodel;
		};
/* End XCVersionGroup section */
	};
	rootObject = 26A398A32D5100480049556F /* Project object */;
}
